
Microsoft Visual Studio Solution File, Format Version 12.00
# Visual Studio Version 16
VisualStudioVersion = 16.0.29806.167
MinimumVisualStudioVersion = 10.0.40219.1
Project("{FAE04EC0-301F-11D3-BF4B-00C04F79EFBC}") = "CancerRegistry", "CancerRegistry\CancerRegistry.csproj", "{1FDB70EC-FDFB-4600-AFB1-1CA613D9FCF5}"
EndProject
Global
	GlobalSection(SolutionConfigurationPlatforms) = preSolution
		Debug|Any CPU = Debug|Any CPU
		Release|Any CPU = Release|Any CPU
	EndGlobalSection
	GlobalSection(ProjectConfigurationPlatforms) = postSolution
		{1FDB70EC-FDFB-4600-AFB1-1CA613D9FCF5}.Debug|Any CPU.ActiveCfg = Debug|Any CPU
		{1FDB70EC-FDFB-4600-AFB1-1CA613D9FCF5}.Debug|Any CPU.Build.0 = Debug|Any CPU
		{1FDB70EC-FDFB-4600-AFB1-1CA613D9FCF5}.Release|Any CPU.ActiveCfg = Release|Any CPU
		{1FDB70EC-FDFB-4600-AFB1-1CA613D9FCF5}.Release|Any CPU.Build.0 = Release|Any CPU
	EndGlobalSection
	GlobalSection(SolutionProperties) = preSolution
		HideSolutionNode = FALSE
	EndGlobalSection
	GlobalSection(ExtensibilityGlobals) = postSolution
		SolutionGuid = {D899133C-F8FE-45DD-A3D6-BEEE6C808EA3}
	EndGlobalSection
EndGlobal
